
Microsoft Visual Studio Solution File, Format Version 12.00
# Visual Studio Version 17
VisualStudioVersion = 17.3.32811.315
MinimumVisualStudioVersion = 10.0.40219.1
Project("{9A19103F-16F7-4668-BE54-9A1E7A4F7556}") = "FibonacciApp", "FibonacciApp\FibonacciApp.csproj", "{CD0647EF-CD26-452F-8343-959F258A5D8F}"
EndProject
Project("{9A19103F-16F7-4668-BE54-9A1E7A4F7556}") = "FibonacciDTO", "FibonacciDTO\FibonacciDTO.csproj", "{43E291F5-DFBA-4ED2-A23E-F715A5927EED}"
EndProject
Project("{2150E333-8FDC-42A3-9474-1A3956D46DE8}") = "Solution Items", "Solution Items", "{BF9B72F1-6D32-4E8B-9C44-6C6548FF7D5F}"
	ProjectSection(SolutionItems) = preProject
		.editorconfig = .editorconfig
	EndProjectSection
EndProject
Project("{FAE04EC0-301F-11D3-BF4B-00C04F79EFBC}") = "FibonacciService", "FibonacciService\FibonacciService.csproj", "{374AAAC0-0553-4CB9-ABE0-33B8C31D45B1}"
EndProject
Project("{FAE04EC0-301F-11D3-BF4B-00C04F79EFBC}") = "FibonacciTest", "FibonacciTest\FibonacciTest.csproj", "{73E73552-4EB4-4DF4-B90A-E4E74FB7E9DC}"
EndProject
Global
	GlobalSection(SolutionConfigurationPlatforms) = preSolution
		Debug|Any CPU = Debug|Any CPU
		Release|Any CPU = Release|Any CPU
	EndGlobalSection
	GlobalSection(ProjectConfigurationPlatforms) = postSolution
		{CD0647EF-CD26-452F-8343-959F258A5D8F}.Debug|Any CPU.ActiveCfg = Debug|Any CPU
		{CD0647EF-CD26-452F-8343-959F258A5D8F}.Debug|Any CPU.Build.0 = Debug|Any CPU
		{CD0647EF-CD26-452F-8343-959F258A5D8F}.Release|Any CPU.ActiveCfg = Release|Any CPU
		{CD0647EF-CD26-452F-8343-959F258A5D8F}.Release|Any CPU.Build.0 = Release|Any CPU
		{43E291F5-DFBA-4ED2-A23E-F715A5927EED}.Debug|Any CPU.ActiveCfg = Debug|Any CPU
		{43E291F5-DFBA-4ED2-A23E-F715A5927EED}.Debug|Any CPU.Build.0 = Debug|Any CPU
		{43E291F5-DFBA-4ED2-A23E-F715A5927EED}.Release|Any CPU.ActiveCfg = Release|Any CPU
		{43E291F5-DFBA-4ED2-A23E-F715A5927EED}.Release|Any CPU.Build.0 = Release|Any CPU
		{374AAAC0-0553-4CB9-ABE0-33B8C31D45B1}.Debug|Any CPU.ActiveCfg = Debug|Any CPU
		{374AAAC0-0553-4CB9-ABE0-33B8C31D45B1}.Debug|Any CPU.Build.0 = Debug|Any CPU
		{374AAAC0-0553-4CB9-ABE0-33B8C31D45B1}.Release|Any CPU.ActiveCfg = Release|Any CPU
		{374AAAC0-0553-4CB9-ABE0-33B8C31D45B1}.Release|Any CPU.Build.0 = Release|Any CPU
		{73E73552-4EB4-4DF4-B90A-E4E74FB7E9DC}.Debug|Any CPU.ActiveCfg = Debug|Any CPU
		{73E73552-4EB4-4DF4-B90A-E4E74FB7E9DC}.Debug|Any CPU.Build.0 = Debug|Any CPU
		{73E73552-4EB4-4DF4-B90A-E4E74FB7E9DC}.Release|Any CPU.ActiveCfg = Release|Any CPU
		{73E73552-4EB4-4DF4-B90A-E4E74FB7E9DC}.Release|Any CPU.Build.0 = Release|Any CPU
	EndGlobalSection
	GlobalSection(SolutionProperties) = preSolution
		HideSolutionNode = FALSE
	EndGlobalSection
	GlobalSection(ExtensibilityGlobals) = postSolution
		SolutionGuid = {B1289684-A4AC-4F3A-A640-5385951E7183}
	EndGlobalSection
EndGlobal
